
Microsoft Visual Studio Solution File, Format Version 12.00
# Visual Studio Version 17
VisualStudioVersion = 17.3.32825.248
MinimumVisualStudioVersion = 10.0.40219.1
Project("{FAE04EC0-301F-11D3-BF4B-00C04F79EFBC}") = "SerialPortTest", "SerialPortTest.csproj", "{6B19255F-82D0-4ECA-9187-ACCE99F0AA2A}"
EndProject
Global
	GlobalSection(SolutionConfigurationPlatforms) = preSolution
		Debug|Any CPU = Debug|Any CPU
		Release|Any CPU = Release|Any CPU
	EndGlobalSection
	GlobalSection(ProjectConfigurationPlatforms) = postSolution
		{6B19255F-82D0-4ECA-9187-ACCE99F0AA2A}.Debug|Any CPU.ActiveCfg = Debug|Any CPU
		{6B19255F-82D0-4ECA-9187-ACCE99F0AA2A}.Debug|Any CPU.Build.0 = Debug|Any CPU
		{6B19255F-82D0-4ECA-9187-ACCE99F0AA2A}.Release|Any CPU.ActiveCfg = Release|Any CPU
		{6B19255F-82D0-4ECA-9187-ACCE99F0AA2A}.Release|Any CPU.Build.0 = Release|Any CPU
	EndGlobalSection
	GlobalSection(SolutionProperties) = preSolution
		HideSolutionNode = FALSE
	EndGlobalSection
	GlobalSection(ExtensibilityGlobals) = postSolution
		SolutionGuid = {B50036DA-6AA2-4727-AEFF-85021660A5A0}
	EndGlobalSection
EndGlobal
